
Microsoft Visual Studio Solution File, Format Version 12.00
# Visual Studio Version 17
VisualStudioVersion = 17.4.33213.308
MinimumVisualStudioVersion = 10.0.40219.1
Project("{FAE04EC0-301F-11D3-BF4B-00C04F79EFBC}") = "Instagram.Api", "Instagram.Api\Instagram.Api.csproj", "{33DAD39C-3A7D-4659-AF28-1DDCC05C9537}"
EndProject
Project("{FAE04EC0-301F-11D3-BF4B-00C04F79EFBC}") = "Instagram.Contracts", "Instagram.Contracts\Instagram.Contracts.csproj", "{0FB992F6-CE75-415C-9BE5-44F69D3E599C}"
EndProject
Project("{FAE04EC0-301F-11D3-BF4B-00C04F79EFBC}") = "Instagram.Infrastructure", "Instagram.Infrastructure\Instagram.Infrastructure.csproj", "{B6F1BFD8-1973-45D6-8DA4-0F047409F6B0}"
EndProject
Project("{FAE04EC0-301F-11D3-BF4B-00C04F79EFBC}") = "Instagram.Application", "Instagram.Application\Instagram.Application.csproj", "{EAC955FB-C8CC-419A-A3DF-5BA49EF77AB4}"
EndProject
Project("{FAE04EC0-301F-11D3-BF4B-00C04F79EFBC}") = "Instagram.Domain", "Instagram.Domain\Instagram.Domain.csproj", "{D928970C-8019-4EE8-B1B6-D7F65C3D663D}"
EndProject
Global
	GlobalSection(SolutionConfigurationPlatforms) = preSolution
		Debug|Any CPU = Debug|Any CPU
		Release|Any CPU = Release|Any CPU
	EndGlobalSection
	GlobalSection(ProjectConfigurationPlatforms) = postSolution
		{33DAD39C-3A7D-4659-AF28-1DDCC05C9537}.Debug|Any CPU.ActiveCfg = Debug|Any CPU
		{33DAD39C-3A7D-4659-AF28-1DDCC05C9537}.Debug|Any CPU.Build.0 = Debug|Any CPU
		{33DAD39C-3A7D-4659-AF28-1DDCC05C9537}.Release|Any CPU.ActiveCfg = Release|Any CPU
		{33DAD39C-3A7D-4659-AF28-1DDCC05C9537}.Release|Any CPU.Build.0 = Release|Any CPU
		{0FB992F6-CE75-415C-9BE5-44F69D3E599C}.Debug|Any CPU.ActiveCfg = Debug|Any CPU
		{0FB992F6-CE75-415C-9BE5-44F69D3E599C}.Debug|Any CPU.Build.0 = Debug|Any CPU
		{0FB992F6-CE75-415C-9BE5-44F69D3E599C}.Release|Any CPU.ActiveCfg = Release|Any CPU
		{0FB992F6-CE75-415C-9BE5-44F69D3E599C}.Release|Any CPU.Build.0 = Release|Any CPU
		{B6F1BFD8-1973-45D6-8DA4-0F047409F6B0}.Debug|Any CPU.ActiveCfg = Debug|Any CPU
		{B6F1BFD8-1973-45D6-8DA4-0F047409F6B0}.Debug|Any CPU.Build.0 = Debug|Any CPU
		{B6F1BFD8-1973-45D6-8DA4-0F047409F6B0}.Release|Any CPU.ActiveCfg = Release|Any CPU
		{B6F1BFD8-1973-45D6-8DA4-0F047409F6B0}.Release|Any CPU.Build.0 = Release|Any CPU
		{EAC955FB-C8CC-419A-A3DF-5BA49EF77AB4}.Debug|Any CPU.ActiveCfg = Debug|Any CPU
		{EAC955FB-C8CC-419A-A3DF-5BA49EF77AB4}.Debug|Any CPU.Build.0 = Debug|Any CPU
		{EAC955FB-C8CC-419A-A3DF-5BA49EF77AB4}.Release|Any CPU.ActiveCfg = Release|Any CPU
		{EAC955FB-C8CC-419A-A3DF-5BA49EF77AB4}.Release|Any CPU.Build.0 = Release|Any CPU
		{D928970C-8019-4EE8-B1B6-D7F65C3D663D}.Debug|Any CPU.ActiveCfg = Debug|Any CPU
		{D928970C-8019-4EE8-B1B6-D7F65C3D663D}.Debug|Any CPU.Build.0 = Debug|Any CPU
		{D928970C-8019-4EE8-B1B6-D7F65C3D663D}.Release|Any CPU.ActiveCfg = Release|Any CPU
		{D928970C-8019-4EE8-B1B6-D7F65C3D663D}.Release|Any CPU.Build.0 = Release|Any CPU
	EndGlobalSection
	GlobalSection(SolutionProperties) = preSolution
		HideSolutionNode = FALSE
	EndGlobalSection
	GlobalSection(ExtensibilityGlobals) = postSolution
		SolutionGuid = {19844B02-DDE6-4DEB-A9E0-EE5C0AF822F9}
	EndGlobalSection
EndGlobal
